
Microsoft Visual Studio Solution File, Format Version 12.00
# Visual Studio Version 17
VisualStudioVersion = 17.10.35122.118
MinimumVisualStudioVersion = 10.0.40219.1
Project("{FAE04EC0-301F-11D3-BF4B-00C04F79EFBC}") = "LojaAPI", "LojaAPI.csproj", "{E656B96D-CE60-4600-B23C-F7D7AE6F49AC}"
EndProject
Global
	GlobalSection(SolutionConfigurationPlatforms) = preSolution
		Debug|Any CPU = Debug|Any CPU
		Release|Any CPU = Release|Any CPU
	EndGlobalSection
	GlobalSection(ProjectConfigurationPlatforms) = postSolution
		{E656B96D-CE60-4600-B23C-F7D7AE6F49AC}.Debug|Any CPU.ActiveCfg = Debug|Any CPU
		{E656B96D-CE60-4600-B23C-F7D7AE6F49AC}.Debug|Any CPU.Build.0 = Debug|Any CPU
		{E656B96D-CE60-4600-B23C-F7D7AE6F49AC}.Release|Any CPU.ActiveCfg = Release|Any CPU
		{E656B96D-CE60-4600-B23C-F7D7AE6F49AC}.Release|Any CPU.Build.0 = Release|Any CPU
	EndGlobalSection
	GlobalSection(SolutionProperties) = preSolution
		HideSolutionNode = FALSE
	EndGlobalSection
	GlobalSection(ExtensibilityGlobals) = postSolution
		SolutionGuid = {6D75252A-E5C3-4F49-A965-3A19DECC0F6A}
	EndGlobalSection
EndGlobal
